
Microsoft Visual Studio Solution File, Format Version 12.00
# Visual Studio 14
VisualStudioVersion = 14.0.25420.1
MinimumVisualStudioVersion = 10.0.40219.1
Project("{FAE04EC0-301F-11D3-BF4B-00C04F79EFBC}") = "Phoneword", "Phoneword\Phoneword\Phoneword.csproj", "{26EEEB80-B7C2-493D-B80E-F23A41010535}"
EndProject
Project("{FAE04EC0-301F-11D3-BF4B-00C04F79EFBC}") = "Phoneword.Droid", "Phoneword\Phoneword.Droid\Phoneword.Droid.csproj", "{17860635-7BCB-4F9A-89F2-781090C422FB}"
EndProject
Project("{FAE04EC0-301F-11D3-BF4B-00C04F79EFBC}") = "Phoneword.iOS", "Phoneword\Phoneword.iOS\Phoneword.iOS.csproj", "{EDDB04DA-39E7-444B-98E9-32E5F8126D24}"
EndProject
Project("{FAE04EC0-301F-11D3-BF4B-00C04F79EFBC}") = "Phoneword.WinPhone", "Phoneword\Phoneword.WinPhone\Phoneword.WinPhone.csproj", "{BEDC4C98-7EC1-4EB6-879B-5ACC7FC9CAEA}"
EndProject
Project("{FAE04EC0-301F-11D3-BF4B-00C04F79EFBC}") = "Phoneword.UWP", "Phoneword\Phoneword.UWP\Phoneword.UWP.csproj", "{AF057BEE-96DB-4338-BD0C-2A33A2D8FC41}"
EndProject
Global
	GlobalSection(SolutionConfigurationPlatforms) = preSolution
		Ad-Hoc|Any CPU = Ad-Hoc|Any CPU
		Ad-Hoc|ARM = Ad-Hoc|ARM
		Ad-Hoc|iPhone = Ad-Hoc|iPhone
		Ad-Hoc|iPhoneSimulator = Ad-Hoc|iPhoneSimulator
		Ad-Hoc|x64 = Ad-Hoc|x64
		Ad-Hoc|x86 = Ad-Hoc|x86
		AppStore|Any CPU = AppStore|Any CPU
		AppStore|ARM = AppStore|ARM
		AppStore|iPhone = AppStore|iPhone
		AppStore|iPhoneSimulator = AppStore|iPhoneSimulator
		AppStore|x64 = AppStore|x64
		AppStore|x86 = AppStore|x86
		Debug|Any CPU = Debug|Any CPU
		Debug|ARM = Debug|ARM
		Debug|iPhone = Debug|iPhone
		Debug|iPhoneSimulator = Debug|iPhoneSimulator
		Debug|x64 = Debug|x64
		Debug|x86 = Debug|x86
		Release|Any CPU = Release|Any CPU
		Release|ARM = Release|ARM
		Release|iPhone = Release|iPhone
		Release|iPhoneSimulator = Release|iPhoneSimulator
		Release|x64 = Release|x64
		Release|x86 = Release|x86
	EndGlobalSection
	GlobalSection(ProjectConfigurationPlatforms) = postSolution
		{26EEEB80-B7C2-493D-B80E-F23A41010535}.Ad-Hoc|Any CPU.ActiveCfg = Release|Any CPU
		{26EEEB80-B7C2-493D-B80E-F23A41010535}.Ad-Hoc|Any CPU.Build.0 = Release|Any CPU
		{26EEEB80-B7C2-493D-B80E-F23A41010535}.Ad-Hoc|ARM.ActiveCfg = Release|Any CPU
		{26EEEB80-B7C2-493D-B80E-F23A41010535}.Ad-Hoc|ARM.Build.0 = Release|Any CPU
		{26EEEB80-B7C2-493D-B80E-F23A41010535}.Ad-Hoc|iPhone.ActiveCfg = Release|Any CPU
		{26EEEB80-B7C2-493D-B80E-F23A41010535}.Ad-Hoc|iPhone.Build.0 = Release|Any CPU
		{26EEEB80-B7C2-493D-B80E-F23A41010535}.Ad-Hoc|iPhoneSimulator.ActiveCfg = Release|Any CPU
		{26EEEB80-B7C2-493D-B80E-F23A41010535}.Ad-Hoc|iPhoneSimulator.Build.0 = Release|Any CPU
		{26EEEB80-B7C2-493D-B80E-F23A41010535}.Ad-Hoc|x64.ActiveCfg = Release|Any CPU
		{26EEEB80-B7C2-493D-B80E-F23A41010535}.Ad-Hoc|x64.Build.0 = Release|Any CPU
		{26EEEB80-B7C2-493D-B80E-F23A41010535}.Ad-Hoc|x86.ActiveCfg = Release|Any CPU
		{26EEEB80-B7C2-493D-B80E-F23A41010535}.Ad-Hoc|x86.Build.0 = Release|Any CPU
		{26EEEB80-B7C2-493D-B80E-F23A41010535}.AppStore|Any CPU.ActiveCfg = Release|Any CPU
		{26EEEB80-B7C2-493D-B80E-F23A41010535}.AppStore|Any CPU.Build.0 = Release|Any CPU
		{26EEEB80-B7C2-493D-B80E-F23A41010535}.AppStore|ARM.ActiveCfg = Release|Any CPU
		{26EEEB80-B7C2-493D-B80E-F23A41010535}.AppStore|ARM.Build.0 = Release|Any CPU
		{26EEEB80-B7C2-493D-B80E-F23A41010535}.AppStore|iPhone.ActiveCfg = Release|Any CPU
		{26EEEB80-B7C2-493D-B80E-F23A41010535}.AppStore|iPhone.Build.0 = Release|Any CPU
		{26EEEB80-B7C2-493D-B80E-F23A41010535}.AppStore|iPhoneSimulator.ActiveCfg = Release|Any CPU
		{26EEEB80-B7C2-493D-B80E-F23A41010535}.AppStore|iPhoneSimulator.Build.0 = Release|Any CPU
		{26EEEB80-B7C2-493D-B80E-F23A41010535}.AppStore|x64.ActiveCfg = Release|Any CPU
		{26EEEB80-B7C2-493D-B80E-F23A41010535}.AppStore|x64.Build.0 = Release|Any CPU
		{26EEEB80-B7C2-493D-B80E-F23A41010535}.AppStore|x86.ActiveCfg = Release|Any CPU
		{26EEEB80-B7C2-493D-B80E-F23A41010535}.AppStore|x86.Build.0 = Release|Any CPU
		{26EEEB80-B7C2-493D-B80E-F23A41010535}.Debug|Any CPU.ActiveCfg = Debug|Any CPU
		{26EEEB80-B7C2-493D-B80E-F23A41010535}.Debug|Any CPU.Build.0 = Debug|Any CPU
		{26EEEB80-B7C2-493D-B80E-F23A41010535}.Debug|ARM.ActiveCfg = Debug|Any CPU
		{26EEEB80-B7C2-493D-B80E-F23A41010535}.Debug|ARM.Build.0 = Debug|Any CPU
		{26EEEB80-B7C2-493D-B80E-F23A41010535}.Debug|iPhone.ActiveCfg = Debug|Any CPU
		{26EEEB80-B7C2-493D-B80E-F23A41010535}.Debug|iPhone.Build.0 = Debug|Any CPU
		{26EEEB80-B7C2-493D-B80E-F23A41010535}.Debug|iPhoneSimulator.ActiveCfg = Debug|Any CPU
		{26EEEB80-B7C2-493D-B80E-F23A41010535}.Debug|iPhoneSimulator.Build.0 = Debug|Any CPU
		{26EEEB80-B7C2-493D-B80E-F23A41010535}.Debug|x64.ActiveCfg = Debug|Any CPU
		{26EEEB80-B7C2-493D-B80E-F23A41010535}.Debug|x64.Build.0 = Debug|Any CPU
		{26EEEB80-B7C2-493D-B80E-F23A41010535}.Debug|x86.ActiveCfg = Debug|Any CPU
		{26EEEB80-B7C2-493D-B80E-F23A41010535}.Debug|x86.Build.0 = Debug|Any CPU
		{26EEEB80-B7C2-493D-B80E-F23A41010535}.Release|Any CPU.ActiveCfg = Release|Any CPU
		{26EEEB80-B7C2-493D-B80E-F23A41010535}.Release|Any CPU.Build.0 = Release|Any CPU
		{26EEEB80-B7C2-493D-B80E-F23A41010535}.Release|ARM.ActiveCfg = Release|Any CPU
		{26EEEB80-B7C2-493D-B80E-F23A41010535}.Release|ARM.Build.0 = Release|Any CPU
		{26EEEB80-B7C2-493D-B80E-F23A41010535}.Release|iPhone.ActiveCfg = Release|Any CPU
		{26EEEB80-B7C2-493D-B80E-F23A41010535}.Release|iPhone.Build.0 = Release|Any CPU
		{26EEEB80-B7C2-493D-B80E-F23A41010535}.Release|iPhoneSimulator.ActiveCfg = Release|Any CPU
		{26EEEB80-B7C2-493D-B80E-F23A41010535}.Release|iPhoneSimulator.Build.0 = Release|Any CPU
		{26EEEB80-B7C2-493D-B80E-F23A41010535}.Release|x64.ActiveCfg = Release|Any CPU
		{26EEEB80-B7C2-493D-B80E-F23A41010535}.Release|x64.Build.0 = Release|Any CPU
		{26EEEB80-B7C2-493D-B80E-F23A41010535}.Release|x86.ActiveCfg = Release|Any CPU
		{26EEEB80-B7C2-493D-B80E-F23A41010535}.Release|x86.Build.0 = Release|Any CPU
		{17860635-7BCB-4F9A-89F2-781090C422FB}.Ad-Hoc|Any CPU.ActiveCfg = Release|Any CPU
		{17860635-7BCB-4F9A-89F2-781090C422FB}.Ad-Hoc|Any CPU.Build.0 = Release|Any CPU
		{17860635-7BCB-4F9A-89F2-781090C422FB}.Ad-Hoc|Any CPU.Deploy.0 = Release|Any CPU
		{17860635-7BCB-4F9A-89F2-781090C422FB}.Ad-Hoc|ARM.ActiveCfg = Release|Any CPU
		{17860635-7BCB-4F9A-89F2-781090C422FB}.Ad-Hoc|ARM.Build.0 = Release|Any CPU
		{17860635-7BCB-4F9A-89F2-781090C422FB}.Ad-Hoc|ARM.Deploy.0 = Release|Any CPU
		{17860635-7BCB-4F9A-89F2-781090C422FB}.Ad-Hoc|iPhone.ActiveCfg = Release|Any CPU
		{17860635-7BCB-4F9A-89F2-781090C422FB}.Ad-Hoc|iPhone.Build.0 = Release|Any CPU
		{17860635-7BCB-4F9A-89F2-781090C422FB}.Ad-Hoc|iPhone.Deploy.0 = Release|Any CPU
		{17860635-7BCB-4F9A-89F2-781090C422FB}.Ad-Hoc|iPhoneSimulator.ActiveCfg = Release|Any CPU
		{17860635-7BCB-4F9A-89F2-781090C422FB}.Ad-Hoc|iPhoneSimulator.Build.0 = Release|Any CPU
		{17860635-7BCB-4F9A-89F2-781090C422FB}.Ad-Hoc|iPhoneSimulator.Deploy.0 = Release|Any CPU
		{17860635-7BCB-4F9A-89F2-781090C422FB}.Ad-Hoc|x64.ActiveCfg = Release|Any CPU
		{17860635-7BCB-4F9A-89F2-781090C422FB}.Ad-Hoc|x64.Build.0 = Release|Any CPU
		{17860635-7BCB-4F9A-89F2-781090C422FB}.Ad-Hoc|x64.Deploy.0 = Release|Any CPU
		{17860635-7BCB-4F9A-89F2-781090C422FB}.Ad-Hoc|x86.ActiveCfg = Release|Any CPU
		{17860635-7BCB-4F9A-89F2-781090C422FB}.Ad-Hoc|x86.Build.0 = Release|Any CPU
		{17860635-7BCB-4F9A-89F2-781090C422FB}.Ad-Hoc|x86.Deploy.0 = Release|Any CPU
		{17860635-7BCB-4F9A-89F2-781090C422FB}.AppStore|Any CPU.ActiveCfg = Release|Any CPU
		{17860635-7BCB-4F9A-89F2-781090C422FB}.AppStore|Any CPU.Build.0 = Release|Any CPU
		{17860635-7BCB-4F9A-89F2-781090C422FB}.AppStore|Any CPU.Deploy.0 = Release|Any CPU
		{17860635-7BCB-4F9A-89F2-781090C422FB}.AppStore|ARM.ActiveCfg = Release|Any CPU
		{17860635-7BCB-4F9A-89F2-781090C422FB}.AppStore|ARM.Build.0 = Release|Any CPU
		{17860635-7BCB-4F9A-89F2-781090C422FB}.AppStore|ARM.Deploy.0 = Release|Any CPU
		{17860635-7BCB-4F9A-89F2-781090C422FB}.AppStore|iPhone.ActiveCfg = Release|Any CPU
		{17860635-7BCB-4F9A-89F2-781090C422FB}.AppStore|iPhone.Build.0 = Release|Any CPU
		{17860635-7BCB-4F9A-89F2-781090C422FB}.AppStore|iPhone.Deploy.0 = Release|Any CPU
		{17860635-7BCB-4F9A-89F2-781090C422FB}.AppStore|iPhoneSimulator.ActiveCfg = Release|Any CPU
		{17860635-7BCB-4F9A-89F2-781090C422FB}.AppStore|iPhoneSimulator.Build.0 = Release|Any CPU
		{17860635-7BCB-4F9A-89F2-781090C422FB}.AppStore|iPhoneSimulator.Deploy.0 = Release|Any CPU
		{17860635-7BCB-4F9A-89F2-781090C422FB}.AppStore|x64.ActiveCfg = Release|Any CPU
		{17860635-7BCB-4F9A-89F2-781090C422FB}.AppStore|x64.Build.0 = Release|Any CPU
		{17860635-7BCB-4F9A-89F2-781090C422FB}.AppStore|x64.Deploy.0 = Release|Any CPU
		{17860635-7BCB-4F9A-89F2-781090C422FB}.AppStore|x86.ActiveCfg = Release|Any CPU
		{17860635-7BCB-4F9A-89F2-781090C422FB}.AppStore|x86.Build.0 = Release|Any CPU
		{17860635-7BCB-4F9A-89F2-781090C422FB}.AppStore|x86.Deploy.0 = Release|Any CPU
		{17860635-7BCB-4F9A-89F2-781090C422FB}.Debug|Any CPU.ActiveCfg = Debug|Any CPU
		{17860635-7BCB-4F9A-89F2-781090C422FB}.Debug|Any CPU.Build.0 = Debug|Any CPU
		{17860635-7BCB-4F9A-89F2-781090C422FB}.Debug|Any CPU.Deploy.0 = Debug|Any CPU
		{17860635-7BCB-4F9A-89F2-781090C422FB}.Debug|ARM.ActiveCfg = Debug|Any CPU
		{17860635-7BCB-4F9A-89F2-781090C422FB}.Debug|ARM.Build.0 = Debug|Any CPU
		{17860635-7BCB-4F9A-89F2-781090C422FB}.Debug|ARM.Deploy.0 = Debug|Any CPU
		{17860635-7BCB-4F9A-89F2-781090C422FB}.Debug|iPhone.ActiveCfg = Debug|Any CPU
		{17860635-7BCB-4F9A-89F2-781090C422FB}.Debug|iPhone.Build.0 = Debug|Any CPU
		{17860635-7BCB-4F9A-89F2-781090C422FB}.Debug|iPhone.Deploy.0 = Debug|Any CPU
		{17860635-7BCB-4F9A-89F2-781090C422FB}.Debug|iPhoneSimulator.ActiveCfg = Debug|Any CPU
		{17860635-7BCB-4F9A-89F2-781090C422FB}.Debug|iPhoneSimulator.Build.0 = Debug|Any CPU
		{17860635-7BCB-4F9A-89F2-781090C422FB}.Debug|iPhoneSimulator.Deploy.0 = Debug|Any CPU
		{17860635-7BCB-4F9A-89F2-781090C422FB}.Debug|x64.ActiveCfg = Debug|Any CPU
		{17860635-7BCB-4F9A-89F2-781090C422FB}.Debug|x64.Build.0 = Debug|Any CPU
		{17860635-7BCB-4F9A-89F2-781090C422FB}.Debug|x64.Deploy.0 = Debug|Any CPU
		{17860635-7BCB-4F9A-89F2-781090C422FB}.Debug|x86.ActiveCfg = Debug|Any CPU
		{17860635-7BCB-4F9A-89F2-781090C422FB}.Debug|x86.Build.0 = Debug|Any CPU
		{17860635-7BCB-4F9A-89F2-781090C422FB}.Debug|x86.Deploy.0 = Debug|Any CPU
		{17860635-7BCB-4F9A-89F2-781090C422FB}.Release|Any CPU.ActiveCfg = Release|Any CPU
		{17860635-7BCB-4F9A-89F2-781090C422FB}.Release|Any CPU.Build.0 = Release|Any CPU
		{17860635-7BCB-4F9A-89F2-781090C422FB}.Release|Any CPU.Deploy.0 = Release|Any CPU
		{17860635-7BCB-4F9A-89F2-781090C422FB}.Release|ARM.ActiveCfg = Release|Any CPU
		{17860635-7BCB-4F9A-89F2-781090C422FB}.Release|ARM.Build.0 = Release|Any CPU
		{17860635-7BCB-4F9A-89F2-781090C422FB}.Release|ARM.Deploy.0 = Release|Any CPU
		{17860635-7BCB-4F9A-89F2-781090C422FB}.Release|iPhone.ActiveCfg = Release|Any CPU
		{17860635-7BCB-4F9A-89F2-781090C422FB}.Release|iPhone.Build.0 = Release|Any CPU
		{17860635-7BCB-4F9A-89F2-781090C422FB}.Release|iPhone.Deploy.0 = Release|Any CPU
		{17860635-7BCB-4F9A-89F2-781090C422FB}.Release|iPhoneSimulator.ActiveCfg = Release|Any CPU
		{17860635-7BCB-4F9A-89F2-781090C422FB}.Release|iPhoneSimulator.Build.0 = Release|Any CPU
		{17860635-7BCB-4F9A-89F2-781090C422FB}.Release|iPhoneSimulator.Deploy.0 = Release|Any CPU
		{17860635-7BCB-4F9A-89F2-781090C422FB}.Release|x64.ActiveCfg = Release|Any CPU
		{17860635-7BCB-4F9A-89F2-781090C422FB}.Release|x64.Build.0 = Release|Any CPU
		{17860635-7BCB-4F9A-89F2-781090C422FB}.Release|x64.Deploy.0 = Release|Any CPU
		{17860635-7BCB-4F9A-89F2-781090C422FB}.Release|x86.ActiveCfg = Release|Any CPU
		{17860635-7BCB-4F9A-89F2-781090C422FB}.Release|x86.Build.0 = Release|Any CPU
		{17860635-7BCB-4F9A-89F2-781090C422FB}.Release|x86.Deploy.0 = Release|Any CPU
		{EDDB04DA-39E7-444B-98E9-32E5F8126D24}.Ad-Hoc|Any CPU.ActiveCfg = Ad-Hoc|iPhone
		{EDDB04DA-39E7-444B-98E9-32E5F8126D24}.Ad-Hoc|ARM.ActiveCfg = Ad-Hoc|iPhone
		{EDDB04DA-39E7-444B-98E9-32E5F8126D24}.Ad-Hoc|iPhone.ActiveCfg = Ad-Hoc|iPhone
		{EDDB04DA-39E7-444B-98E9-32E5F8126D24}.Ad-Hoc|iPhone.Build.0 = Ad-Hoc|iPhone
		{EDDB04DA-39E7-444B-98E9-32E5F8126D24}.Ad-Hoc|iPhoneSimulator.ActiveCfg = Ad-Hoc|iPhoneSimulator
		{EDDB04DA-39E7-444B-98E9-32E5F8126D24}.Ad-Hoc|iPhoneSimulator.Build.0 = Ad-Hoc|iPhoneSimulator
		{EDDB04DA-39E7-444B-98E9-32E5F8126D24}.Ad-Hoc|x64.ActiveCfg = Ad-Hoc|iPhone
		{EDDB04DA-39E7-444B-98E9-32E5F8126D24}.Ad-Hoc|x86.ActiveCfg = Ad-Hoc|iPhone
		{EDDB04DA-39E7-444B-98E9-32E5F8126D24}.AppStore|Any CPU.ActiveCfg = AppStore|iPhone
		{EDDB04DA-39E7-444B-98E9-32E5F8126D24}.AppStore|ARM.ActiveCfg = AppStore|iPhone
		{EDDB04DA-39E7-444B-98E9-32E5F8126D24}.AppStore|iPhone.ActiveCfg = AppStore|iPhone
		{EDDB04DA-39E7-444B-98E9-32E5F8126D24}.AppStore|iPhone.Build.0 = AppStore|iPhone
		{EDDB04DA-39E7-444B-98E9-32E5F8126D24}.AppStore|iPhoneSimulator.ActiveCfg = AppStore|iPhoneSimulator
		{EDDB04DA-39E7-444B-98E9-32E5F8126D24}.AppStore|iPhoneSimulator.Build.0 = AppStore|iPhoneSimulator
		{EDDB04DA-39E7-444B-98E9-32E5F8126D24}.AppStore|x64.ActiveCfg = AppStore|iPhone
		{EDDB04DA-39E7-444B-98E9-32E5F8126D24}.AppStore|x86.ActiveCfg = AppStore|iPhone
		{EDDB04DA-39E7-444B-98E9-32E5F8126D24}.Debug|Any CPU.ActiveCfg = Debug|iPhone
		{EDDB04DA-39E7-444B-98E9-32E5F8126D24}.Debug|ARM.ActiveCfg = Debug|iPhone
		{EDDB04DA-39E7-444B-98E9-32E5F8126D24}.Debug|iPhone.ActiveCfg = Debug|iPhone
		{EDDB04DA-39E7-444B-98E9-32E5F8126D24}.Debug|iPhone.Build.0 = Debug|iPhone
		{EDDB04DA-39E7-444B-98E9-32E5F8126D24}.Debug|iPhoneSimulator.ActiveCfg = Debug|iPhoneSimulator
		{EDDB04DA-39E7-444B-98E9-32E5F8126D24}.Debug|iPhoneSimulator.Build.0 = Debug|iPhoneSimulator
		{EDDB04DA-39E7-444B-98E9-32E5F8126D24}.Debug|x64.ActiveCfg = Debug|iPhone
		{EDDB04DA-39E7-444B-98E9-32E5F8126D24}.Debug|x86.ActiveCfg = Debug|iPhone
		{EDDB04DA-39E7-444B-98E9-32E5F8126D24}.Release|Any CPU.ActiveCfg = Release|iPhone
		{EDDB04DA-39E7-444B-98E9-32E5F8126D24}.Release|ARM.ActiveCfg = Release|iPhone
		{EDDB04DA-39E7-444B-98E9-32E5F8126D24}.Release|iPhone.ActiveCfg = Release|iPhone
		{EDDB04DA-39E7-444B-98E9-32E5F8126D24}.Release|iPhone.Build.0 = Release|iPhone
		{EDDB04DA-39E7-444B-98E9-32E5F8126D24}.Release|iPhoneSimulator.ActiveCfg = Release|iPhoneSimulator
		{EDDB04DA-39E7-444B-98E9-32E5F8126D24}.Release|iPhoneSimulator.Build.0 = Release|iPhoneSimulator
		{EDDB04DA-39E7-444B-98E9-32E5F8126D24}.Release|x64.ActiveCfg = Release|iPhone
		{EDDB04DA-39E7-444B-98E9-32E5F8126D24}.Release|x86.ActiveCfg = Release|iPhone
		{BEDC4C98-7EC1-4EB6-879B-5ACC7FC9CAEA}.Ad-Hoc|Any CPU.ActiveCfg = Release|Any CPU
		{BEDC4C98-7EC1-4EB6-879B-5ACC7FC9CAEA}.Ad-Hoc|Any CPU.Build.0 = Release|Any CPU
		{BEDC4C98-7EC1-4EB6-879B-5ACC7FC9CAEA}.Ad-Hoc|Any CPU.Deploy.0 = Release|Any CPU
		{BEDC4C98-7EC1-4EB6-879B-5ACC7FC9CAEA}.Ad-Hoc|ARM.ActiveCfg = Release|ARM
		{BEDC4C98-7EC1-4EB6-879B-5ACC7FC9CAEA}.Ad-Hoc|ARM.Build.0 = Release|ARM
		{BEDC4C98-7EC1-4EB6-879B-5ACC7FC9CAEA}.Ad-Hoc|ARM.Deploy.0 = Release|ARM
		{BEDC4C98-7EC1-4EB6-879B-5ACC7FC9CAEA}.Ad-Hoc|iPhone.ActiveCfg = Release|Any CPU
		{BEDC4C98-7EC1-4EB6-879B-5ACC7FC9CAEA}.Ad-Hoc|iPhone.Build.0 = Release|Any CPU
		{BEDC4C98-7EC1-4EB6-879B-5ACC7FC9CAEA}.Ad-Hoc|iPhone.Deploy.0 = Release|Any CPU
		{BEDC4C98-7EC1-4EB6-879B-5ACC7FC9CAEA}.Ad-Hoc|iPhoneSimulator.ActiveCfg = Release|Any CPU
		{BEDC4C98-7EC1-4EB6-879B-5ACC7FC9CAEA}.Ad-Hoc|iPhoneSimulator.Build.0 = Release|Any CPU
		{BEDC4C98-7EC1-4EB6-879B-5ACC7FC9CAEA}.Ad-Hoc|iPhoneSimulator.Deploy.0 = Release|Any CPU
		{BEDC4C98-7EC1-4EB6-879B-5ACC7FC9CAEA}.Ad-Hoc|x64.ActiveCfg = Release|Any CPU
		{BEDC4C98-7EC1-4EB6-879B-5ACC7FC9CAEA}.Ad-Hoc|x64.Build.0 = Release|Any CPU
		{BEDC4C98-7EC1-4EB6-879B-5ACC7FC9CAEA}.Ad-Hoc|x64.Deploy.0 = Release|Any CPU
		{BEDC4C98-7EC1-4EB6-879B-5ACC7FC9CAEA}.Ad-Hoc|x86.ActiveCfg = Release|x86
		{BEDC4C98-7EC1-4EB6-879B-5ACC7FC9CAEA}.Ad-Hoc|x86.Build.0 = Release|x86
		{BEDC4C98-7EC1-4EB6-879B-5ACC7FC9CAEA}.Ad-Hoc|x86.Deploy.0 = Release|x86
		{BEDC4C98-7EC1-4EB6-879B-5ACC7FC9CAEA}.AppStore|Any CPU.ActiveCfg = Release|Any CPU
		{BEDC4C98-7EC1-4EB6-879B-5ACC7FC9CAEA}.AppStore|Any CPU.Build.0 = Release|Any CPU
		{BEDC4C98-7EC1-4EB6-879B-5ACC7FC9CAEA}.AppStore|Any CPU.Deploy.0 = Release|Any CPU
		{BEDC4C98-7EC1-4EB6-879B-5ACC7FC9CAEA}.AppStore|ARM.ActiveCfg = Release|ARM
		{BEDC4C98-7EC1-4EB6-879B-5ACC7FC9CAEA}.AppStore|ARM.Build.0 = Release|ARM
		{BEDC4C98-7EC1-4EB6-879B-5ACC7FC9CAEA}.AppStore|ARM.Deploy.0 = Release|ARM
		{BEDC4C98-7EC1-4EB6-879B-5ACC7FC9CAEA}.AppStore|iPhone.ActiveCfg = Release|Any CPU
		{BEDC4C98-7EC1-4EB6-879B-5ACC7FC9CAEA}.AppStore|iPhone.Build.0 = Release|Any CPU
		{BEDC4C98-7EC1-4EB6-879B-5ACC7FC9CAEA}.AppStore|iPhone.Deploy.0 = Release|Any CPU
		{BEDC4C98-7EC1-4EB6-879B-5ACC7FC9CAEA}.AppStore|iPhoneSimulator.ActiveCfg = Release|Any CPU
		{BEDC4C98-7EC1-4EB6-879B-5ACC7FC9CAEA}.AppStore|iPhoneSimulator.Build.0 = Release|Any CPU
		{BEDC4C98-7EC1-4EB6-879B-5ACC7FC9CAEA}.AppStore|iPhoneSimulator.Deploy.0 = Release|Any CPU
		{BEDC4C98-7EC1-4EB6-879B-5ACC7FC9CAEA}.AppStore|x64.ActiveCfg = Release|Any CPU
		{BEDC4C98-7EC1-4EB6-879B-5ACC7FC9CAEA}.AppStore|x64.Build.0 = Release|Any CPU
		{BEDC4C98-7EC1-4EB6-879B-5ACC7FC9CAEA}.AppStore|x64.Deploy.0 = Release|Any CPU
		{BEDC4C98-7EC1-4EB6-879B-5ACC7FC9CAEA}.AppStore|x86.ActiveCfg = Release|x86
		{BEDC4C98-7EC1-4EB6-879B-5ACC7FC9CAEA}.AppStore|x86.Build.0 = Release|x86
		{BEDC4C98-7EC1-4EB6-879B-5ACC7FC9CAEA}.AppStore|x86.Deploy.0 = Release|x86
		{BEDC4C98-7EC1-4EB6-879B-5ACC7FC9CAEA}.Debug|Any CPU.ActiveCfg = Debug|Any CPU
		{BEDC4C98-7EC1-4EB6-879B-5ACC7FC9CAEA}.Debug|Any CPU.Build.0 = Debug|Any CPU
		{BEDC4C98-7EC1-4EB6-879B-5ACC7FC9CAEA}.Debug|Any CPU.Deploy.0 = Debug|Any CPU
		{BEDC4C98-7EC1-4EB6-879B-5ACC7FC9CAEA}.Debug|ARM.ActiveCfg = Debug|ARM
		{BEDC4C98-7EC1-4EB6-879B-5ACC7FC9CAEA}.Debug|ARM.Build.0 = Debug|ARM
		{BEDC4C98-7EC1-4EB6-879B-5ACC7FC9CAEA}.Debug|ARM.Deploy.0 = Debug|ARM
		{BEDC4C98-7EC1-4EB6-879B-5ACC7FC9CAEA}.Debug|iPhone.ActiveCfg = Debug|Any CPU
		{BEDC4C98-7EC1-4EB6-879B-5ACC7FC9CAEA}.Debug|iPhone.Build.0 = Debug|Any CPU
		{BEDC4C98-7EC1-4EB6-879B-5ACC7FC9CAEA}.Debug|iPhone.Deploy.0 = Debug|Any CPU
		{BEDC4C98-7EC1-4EB6-879B-5ACC7FC9CAEA}.Debug|iPhoneSimulator.ActiveCfg = Debug|Any CPU
		{BEDC4C98-7EC1-4EB6-879B-5ACC7FC9CAEA}.Debug|iPhoneSimulator.Build.0 = Debug|Any CPU
		{BEDC4C98-7EC1-4EB6-879B-5ACC7FC9CAEA}.Debug|iPhoneSimulator.Deploy.0 = Debug|Any CPU
		{BEDC4C98-7EC1-4EB6-879B-5ACC7FC9CAEA}.Debug|x64.ActiveCfg = Debug|Any CPU
		{BEDC4C98-7EC1-4EB6-879B-5ACC7FC9CAEA}.Debug|x64.Build.0 = Debug|Any CPU
		{BEDC4C98-7EC1-4EB6-879B-5ACC7FC9CAEA}.Debug|x64.Deploy.0 = Debug|Any CPU
		{BEDC4C98-7EC1-4EB6-879B-5ACC7FC9CAEA}.Debug|x86.ActiveCfg = Debug|x86
		{BEDC4C98-7EC1-4EB6-879B-5ACC7FC9CAEA}.Debug|x86.Build.0 = Debug|x86
		{BEDC4C98-7EC1-4EB6-879B-5ACC7FC9CAEA}.Debug|x86.Deploy.0 = Debug|x86
		{BEDC4C98-7EC1-4EB6-879B-5ACC7FC9CAEA}.Release|Any CPU.ActiveCfg = Release|Any CPU
		{BEDC4C98-7EC1-4EB6-879B-5ACC7FC9CAEA}.Release|Any CPU.Build.0 = Release|Any CPU
		{BEDC4C98-7EC1-4EB6-879B-5ACC7FC9CAEA}.Release|Any CPU.Deploy.0 = Release|Any CPU
		{BEDC4C98-7EC1-4EB6-879B-5ACC7FC9CAEA}.Release|ARM.ActiveCfg = Release|ARM
		{BEDC4C98-7EC1-4EB6-879B-5ACC7FC9CAEA}.Release|ARM.Build.0 = Release|ARM
		{BEDC4C98-7EC1-4EB6-879B-5ACC7FC9CAEA}.Release|ARM.Deploy.0 = Release|ARM
		{BEDC4C98-7EC1-4EB6-879B-5ACC7FC9CAEA}.Release|iPhone.ActiveCfg = Release|Any CPU
		{BEDC4C98-7EC1-4EB6-879B-5ACC7FC9CAEA}.Release|iPhone.Build.0 = Release|Any CPU
		{BEDC4C98-7EC1-4EB6-879B-5ACC7FC9CAEA}.Release|iPhone.Deploy.0 = Release|Any CPU
		{BEDC4C98-7EC1-4EB6-879B-5ACC7FC9CAEA}.Release|iPhoneSimulator.ActiveCfg = Release|Any CPU
		{BEDC4C98-7EC1-4EB6-879B-5ACC7FC9CAEA}.Release|iPhoneSimulator.Build.0 = Release|Any CPU
		{BEDC4C98-7EC1-4EB6-879B-5ACC7FC9CAEA}.Release|iPhoneSimulator.Deploy.0 = Release|Any CPU
		{BEDC4C98-7EC1-4EB6-879B-5ACC7FC9CAEA}.Release|x64.ActiveCfg = Release|Any CPU
		{BEDC4C98-7EC1-4EB6-879B-5ACC7FC9CAEA}.Release|x64.Build.0 = Release|Any CPU
		{BEDC4C98-7EC1-4EB6-879B-5ACC7FC9CAEA}.Release|x64.Deploy.0 = Release|Any CPU
		{BEDC4C98-7EC1-4EB6-879B-5ACC7FC9CAEA}.Release|x86.ActiveCfg = Release|x86
		{BEDC4C98-7EC1-4EB6-879B-5ACC7FC9CAEA}.Release|x86.Build.0 = Release|x86
		{BEDC4C98-7EC1-4EB6-879B-5ACC7FC9CAEA}.Release|x86.Deploy.0 = Release|x86
		{AF057BEE-96DB-4338-BD0C-2A33A2D8FC41}.Ad-Hoc|Any CPU.ActiveCfg = Release|x86
		{AF057BEE-96DB-4338-BD0C-2A33A2D8FC41}.Ad-Hoc|Any CPU.Build.0 = Release|x86
		{AF057BEE-96DB-4338-BD0C-2A33A2D8FC41}.Ad-Hoc|Any CPU.Deploy.0 = Release|x86
		{AF057BEE-96DB-4338-BD0C-2A33A2D8FC41}.Ad-Hoc|ARM.ActiveCfg = Release|ARM
		{AF057BEE-96DB-4338-BD0C-2A33A2D8FC41}.Ad-Hoc|ARM.Build.0 = Release|ARM
		{AF057BEE-96DB-4338-BD0C-2A33A2D8FC41}.Ad-Hoc|ARM.Deploy.0 = Release|ARM
		{AF057BEE-96DB-4338-BD0C-2A33A2D8FC41}.Ad-Hoc|iPhone.ActiveCfg = Release|x86
		{AF057BEE-96DB-4338-BD0C-2A33A2D8FC41}.Ad-Hoc|iPhone.Build.0 = Release|x86
		{AF057BEE-96DB-4338-BD0C-2A33A2D8FC41}.Ad-Hoc|iPhone.Deploy.0 = Release|x86
		{AF057BEE-96DB-4338-BD0C-2A33A2D8FC41}.Ad-Hoc|iPhoneSimulator.ActiveCfg = Release|x86
		{AF057BEE-96DB-4338-BD0C-2A33A2D8FC41}.Ad-Hoc|iPhoneSimulator.Build.0 = Release|x86
		{AF057BEE-96DB-4338-BD0C-2A33A2D8FC41}.Ad-Hoc|iPhoneSimulator.Deploy.0 = Release|x86
		{AF057BEE-96DB-4338-BD0C-2A33A2D8FC41}.Ad-Hoc|x64.ActiveCfg = Release|x64
		{AF057BEE-96DB-4338-BD0C-2A33A2D8FC41}.Ad-Hoc|x64.Build.0 = Release|x64
		{AF057BEE-96DB-4338-BD0C-2A33A2D8FC41}.Ad-Hoc|x64.Deploy.0 = Release|x64
		{AF057BEE-96DB-4338-BD0C-2A33A2D8FC41}.Ad-Hoc|x86.ActiveCfg = Release|x86
		{AF057BEE-96DB-4338-BD0C-2A33A2D8FC41}.Ad-Hoc|x86.Build.0 = Release|x86
		{AF057BEE-96DB-4338-BD0C-2A33A2D8FC41}.Ad-Hoc|x86.Deploy.0 = Release|x86
		{AF057BEE-96DB-4338-BD0C-2A33A2D8FC41}.AppStore|Any CPU.ActiveCfg = Release|x86
		{AF057BEE-96DB-4338-BD0C-2A33A2D8FC41}.AppStore|Any CPU.Build.0 = Release|x86
		{AF057BEE-96DB-4338-BD0C-2A33A2D8FC41}.AppStore|Any CPU.Deploy.0 = Release|x86
		{AF057BEE-96DB-4338-BD0C-2A33A2D8FC41}.AppStore|ARM.ActiveCfg = Release|ARM
		{AF057BEE-96DB-4338-BD0C-2A33A2D8FC41}.AppStore|ARM.Build.0 = Release|ARM
		{AF057BEE-96DB-4338-BD0C-2A33A2D8FC41}.AppStore|ARM.Deploy.0 = Release|ARM
		{AF057BEE-96DB-4338-BD0C-2A33A2D8FC41}.AppStore|iPhone.ActiveCfg = Release|x86
		{AF057BEE-96DB-4338-BD0C-2A33A2D8FC41}.AppStore|iPhone.Build.0 = Release|x86
		{AF057BEE-96DB-4338-BD0C-2A33A2D8FC41}.AppStore|iPhone.Deploy.0 = Release|x86
		{AF057BEE-96DB-4338-BD0C-2A33A2D8FC41}.AppStore|iPhoneSimulator.ActiveCfg = Release|x86
		{AF057BEE-96DB-4338-BD0C-2A33A2D8FC41}.AppStore|iPhoneSimulator.Build.0 = Release|x86
		{AF057BEE-96DB-4338-BD0C-2A33A2D8FC41}.AppStore|iPhoneSimulator.Deploy.0 = Release|x86
		{AF057BEE-96DB-4338-BD0C-2A33A2D8FC41}.AppStore|x64.ActiveCfg = Release|x64
		{AF057BEE-96DB-4338-BD0C-2A33A2D8FC41}.AppStore|x64.Build.0 = Release|x64
		{AF057BEE-96DB-4338-BD0C-2A33A2D8FC41}.AppStore|x64.Deploy.0 = Release|x64
		{AF057BEE-96DB-4338-BD0C-2A33A2D8FC41}.AppStore|x86.ActiveCfg = Release|x86
		{AF057BEE-96DB-4338-BD0C-2A33A2D8FC41}.AppStore|x86.Build.0 = Release|x86
		{AF057BEE-96DB-4338-BD0C-2A33A2D8FC41}.AppStore|x86.Deploy.0 = Release|x86
		{AF057BEE-96DB-4338-BD0C-2A33A2D8FC41}.Debug|Any CPU.ActiveCfg = Debug|x86
		{AF057BEE-96DB-4338-BD0C-2A33A2D8FC41}.Debug|ARM.ActiveCfg = Debug|ARM
		{AF057BEE-96DB-4338-BD0C-2A33A2D8FC41}.Debug|ARM.Build.0 = Debug|ARM
		{AF057BEE-96DB-4338-BD0C-2A33A2D8FC41}.Debug|ARM.Deploy.0 = Debug|ARM
		{AF057BEE-96DB-4338-BD0C-2A33A2D8FC41}.Debug|iPhone.ActiveCfg = Debug|x86
		{AF057BEE-96DB-4338-BD0C-2A33A2D8FC41}.Debug|iPhoneSimulator.ActiveCfg = Debug|x86
		{AF057BEE-96DB-4338-BD0C-2A33A2D8FC41}.Debug|x64.ActiveCfg = Debug|x64
		{AF057BEE-96DB-4338-BD0C-2A33A2D8FC41}.Debug|x64.Build.0 = Debug|x64
		{AF057BEE-96DB-4338-BD0C-2A33A2D8FC41}.Debug|x64.Deploy.0 = Debug|x64
		{AF057BEE-96DB-4338-BD0C-2A33A2D8FC41}.Debug|x86.ActiveCfg = Debug|x86
		{AF057BEE-96DB-4338-BD0C-2A33A2D8FC41}.Debug|x86.Build.0 = Debug|x86
		{AF057BEE-96DB-4338-BD0C-2A33A2D8FC41}.Debug|x86.Deploy.0 = Debug|x86
		{AF057BEE-96DB-4338-BD0C-2A33A2D8FC41}.Release|Any CPU.ActiveCfg = Release|x86
		{AF057BEE-96DB-4338-BD0C-2A33A2D8FC41}.Release|ARM.ActiveCfg = Release|ARM
		{AF057BEE-96DB-4338-BD0C-2A33A2D8FC41}.Release|ARM.Build.0 = Release|ARM
		{AF057BEE-96DB-4338-BD0C-2A33A2D8FC41}.Release|ARM.Deploy.0 = Release|ARM
		{AF057BEE-96DB-4338-BD0C-2A33A2D8FC41}.Release|iPhone.ActiveCfg = Release|x86
		{AF057BEE-96DB-4338-BD0C-2A33A2D8FC41}.Release|iPhoneSimulator.ActiveCfg = Release|x86
		{AF057BEE-96DB-4338-BD0C-2A33A2D8FC41}.Release|x64.ActiveCfg = Release|x64
		{AF057BEE-96DB-4338-BD0C-2A33A2D8FC41}.Release|x64.Build.0 = Release|x64
		{AF057BEE-96DB-4338-BD0C-2A33A2D8FC41}.Release|x64.Deploy.0 = Release|x64
		{AF057BEE-96DB-4338-BD0C-2A33A2D8FC41}.Release|x86.ActiveCfg = Release|x86
		{AF057BEE-96DB-4338-BD0C-2A33A2D8FC41}.Release|x86.Build.0 = Release|x86
		{AF057BEE-96DB-4338-BD0C-2A33A2D8FC41}.Release|x86.Deploy.0 = Release|x86
	EndGlobalSection
	GlobalSection(SolutionProperties) = preSolution
		HideSolutionNode = FALSE
	EndGlobalSection
EndGlobal
